
Microsoft Visual Studio Solution File, Format Version 12.00
# Visual Studio Version 17
VisualStudioVersion = 17.3.32804.467
MinimumVisualStudioVersion = 10.0.40219.1
Project("{FAE04EC0-301F-11D3-BF4B-00C04F79EFBC}") = "TitleID Scraper", "TitleID Scraper\TitleID Scraper.csproj", "{4E0B83C1-08F8-4055-9ABF-BD27BC1CEAF2}"
EndProject
Global
	GlobalSection(SolutionConfigurationPlatforms) = preSolution
		Debug|Any CPU = Debug|Any CPU
		Release|Any CPU = Release|Any CPU
	EndGlobalSection
	GlobalSection(ProjectConfigurationPlatforms) = postSolution
		{4E0B83C1-08F8-4055-9ABF-BD27BC1CEAF2}.Debug|Any CPU.ActiveCfg = Debug|Any CPU
		{4E0B83C1-08F8-4055-9ABF-BD27BC1CEAF2}.Debug|Any CPU.Build.0 = Debug|Any CPU
		{4E0B83C1-08F8-4055-9ABF-BD27BC1CEAF2}.Release|Any CPU.ActiveCfg = Release|Any CPU
		{4E0B83C1-08F8-4055-9ABF-BD27BC1CEAF2}.Release|Any CPU.Build.0 = Release|Any CPU
	EndGlobalSection
	GlobalSection(SolutionProperties) = preSolution
		HideSolutionNode = FALSE
	EndGlobalSection
	GlobalSection(ExtensibilityGlobals) = postSolution
		SolutionGuid = {CF3097B6-8515-441F-A8F6-723654F8915E}
	EndGlobalSection
EndGlobal
